<?xml version="1.0" encoding="UTF-8" standalone="yes" ?>
<CodeBlocks_project_file>
	<FileVersion major="1" minor="6" />
	<Project>
		<Option title="nirvana" />
		<Option pch_mode="2" />
		<Option compiler="clang" />
		<Build>
			<Target title="Debug">
				<Option output="bin/Debug/nirvana" prefix_auto="1" extension_auto="1" />
				<Option working_dir="" />
				<Option object_output="obj/Debug/" />
				<Option type="2" />
				<Option compiler="clang" />
				<Option createDefFile="1" />
				<Compiler>
					<Add option="-g" />
				</Compiler>
			</Target>
			<Target title="Release">
				<Option output="bin/Release/nirvana" prefix_auto="1" extension_auto="1" />
				<Option working_dir="" />
				<Option object_output="obj/Release/" />
				<Option type="2" />
				<Option compiler="clang" />
				<Option createDefFile="1" />
				<Compiler>
					<Add option="-Weverything" />
					<Add option="-O2" />
				</Compiler>
				<Linker>
					<Add option="-s" />
				</Linker>
			</Target>
		</Build>
		<Compiler>
			<Add option="-std=c++17" />
			<Add option="-std=c99" />
			<Add directory="../orb/Include" />
			<Add directory="../library/Include" />
		</Compiler>
		<Unit filename="../library/Include/Nirvana/Allocator.h" />
		<Unit filename="../library/Include/Nirvana/DecCalc.h" />
		<Unit filename="../library/Include/Nirvana/DecCalc.idl" />
		<Unit filename="../library/Include/Nirvana/DecCalc_s.h" />
		<Unit filename="../library/Include/Nirvana/Decimal.h" />
		<Unit filename="../library/Include/Nirvana/DirectoryIterator.h" />
		<Unit filename="../library/Include/Nirvana/Domains.h" />
		<Unit filename="../library/Include/Nirvana/Domains.idl" />
		<Unit filename="../library/Include/Nirvana/Domains_s.h" />
		<Unit filename="../library/Include/Nirvana/DynObject.h" />
		<Unit filename="../library/Include/Nirvana/File.h" />
		<Unit filename="../library/Include/Nirvana/File.idl" />
		<Unit filename="../library/Include/Nirvana/File_s.h" />
		<Unit filename="../library/Include/Nirvana/Fixed.h" />
		<Unit filename="../library/Include/Nirvana/Formatter.h" />
		<Unit filename="../library/Include/Nirvana/Hash.h" />
		<Unit filename="../library/Include/Nirvana/ImportInterface.h" />
		<Unit filename="../library/Include/Nirvana/Launcher.h" />
		<Unit filename="../library/Include/Nirvana/Legacy/Legacy.idl" />
		<Unit filename="../library/Include/Nirvana/Legacy/Legacy_Process.idl" />
		<Unit filename="../library/Include/Nirvana/Legacy/Main.idl" />
		<Unit filename="../library/Include/Nirvana/Legacy/Runnable.idl" />
		<Unit filename="../library/Include/Nirvana/Memory.h" />
		<Unit filename="../library/Include/Nirvana/Memory.idl">
			<Option compiler="clang" use="1" buildCommand="nidl2cpp $file -no_ami -no_proxy -no_client_cpp" />
		</Unit>
		<Unit filename="../library/Include/Nirvana/MemoryHelper.h" />
		<Unit filename="../library/Include/Nirvana/Memory_forward.h" />
		<Unit filename="../library/Include/Nirvana/Memory_s.h" />
		<Unit filename="../library/Include/Nirvana/Module.h" />
		<Unit filename="../library/Include/Nirvana/Module.idl" />
		<Unit filename="../library/Include/Nirvana/ModuleInit.h" />
		<Unit filename="../library/Include/Nirvana/ModuleInit.idl" />
		<Unit filename="../library/Include/Nirvana/ModuleInit_s.h" />
		<Unit filename="../library/Include/Nirvana/Module_s.h" />
		<Unit filename="../library/Include/Nirvana/Nirvana.h" />
		<Unit filename="../library/Include/Nirvana/NirvanaBase.h" />
		<Unit filename="../library/Include/Nirvana/OLF.h" />
		<Unit filename="../library/Include/Nirvana/OLF_Iterator.h" />
		<Unit filename="../library/Include/Nirvana/SimpleList.h" />
		<Unit filename="../library/Include/Nirvana/System.h" />
		<Unit filename="../library/Include/Nirvana/System.idl" />
		<Unit filename="../library/Include/Nirvana/System_s.h" />
		<Unit filename="../library/Include/Nirvana/UTF8.h" />
		<Unit filename="../library/Include/Nirvana/array_bool.h" />
		<Unit filename="../library/Include/Nirvana/basic_string.h" />
		<Unit filename="../library/Include/Nirvana/bitutils.h" />
		<Unit filename="../library/Include/Nirvana/c_heap.h" />
		<Unit filename="../library/Include/Nirvana/c_heap_dbg.h" />
		<Unit filename="../library/Include/Nirvana/core_objects.h" />
		<Unit filename="../library/Include/Nirvana/entry_point.h" />
		<Unit filename="../library/Include/Nirvana/filesystem.h" />
		<Unit filename="../library/Include/Nirvana/meson.build" />
		<Unit filename="../library/Include/Nirvana/native.h" />
		<Unit filename="../library/Include/Nirvana/nls.h" />
		<Unit filename="../library/Include/Nirvana/nls.idl" />
		<Unit filename="../library/Include/Nirvana/nls_s.h" />
		<Unit filename="../library/Include/Nirvana/platform.h" />
		<Unit filename="../library/Include/Nirvana/real_copy.h" />
		<Unit filename="../library/Include/Nirvana/rescale.h" />
		<Unit filename="../library/Include/Nirvana/static.h" />
		<Unit filename="../library/Include/Nirvana/stl_utils.h" />
		<Unit filename="../library/Include/Nirvana/strcpy_s.h" />
		<Unit filename="../library/Include/Nirvana/string_conv.h" />
		<Unit filename="../library/Include/Nirvana/strlen.h" />
		<Unit filename="../library/Include/Nirvana/throw_exception.h" />
		<Unit filename="../library/Include/Nirvana/time_defs.h" />
		<Unit filename="../library/Include/Nirvana/vector.h" />
		<Unit filename="../library/Source/Decimal.cpp" />
		<Unit filename="../library/Source/DirectoryIterator.cpp" />
		<Unit filename="../library/Source/Domains.cpp" />
		<Unit filename="../library/Source/File.cpp" />
		<Unit filename="../library/Source/Fixed.cpp" />
		<Unit filename="../library/Source/Formatter.cpp" />
		<Unit filename="../library/Source/Legacy_Process.cpp" />
		<Unit filename="../library/Source/MemoryHelper.cpp" />
		<Unit filename="../library/Source/ModuleInitImpl.h" />
		<Unit filename="../library/Source/OLF_Iterator.cpp" />
		<Unit filename="../library/Source/System.cpp" />
		<Unit filename="../library/Source/UTF8.cpp" />
		<Unit filename="../library/Source/assert.cpp" />
		<Unit filename="../library/Source/bitutils.cpp" />
		<Unit filename="../library/Source/c_heap_dbg.cpp" />
		<Unit filename="../library/Source/crt_startup.cpp">
			<Option compile="0" />
			<Option link="0" />
		</Unit>
		<Unit filename="../library/Source/crt_startup.h" />
		<Unit filename="../library/Source/filesystem.cpp" />
		<Unit filename="../library/Source/lpch.cpp" />
		<Unit filename="../library/Source/lpch.h" />
		<Unit filename="../library/Source/native.cpp" />
		<Unit filename="../library/Source/nirvana_module.cpp" />
		<Unit filename="../library/Source/nirvana_process.cpp" />
		<Unit filename="../library/Source/nirvana_singleton.cpp" />
		<Unit filename="../library/Source/real_copy.cpp" />
		<Unit filename="../library/Source/rescale.cpp" />
		<Unit filename="../library/Source/stl_utils.cpp" />
		<Unit filename="../library/Source/throw_exception.cpp" />
		<Unit filename="../library/Source/trace.cpp" />
		<Unit filename="../orb/Include/CORBA/ABI.h" />
		<Unit filename="../orb/Include/CORBA/ABI_Any.h" />
		<Unit filename="../orb/Include/CORBA/ABI_Sequence.h" />
		<Unit filename="../orb/Include/CORBA/ABI_String.h" />
		<Unit filename="../orb/Include/CORBA/AMI.h" />
		<Unit filename="../orb/Include/CORBA/AMI.idl" />
		<Unit filename="../orb/Include/CORBA/AMI_s.h" />
		<Unit filename="../orb/Include/CORBA/AbstractBase.h" />
		<Unit filename="../orb/Include/CORBA/AbstractBase.inl" />
		<Unit filename="../orb/Include/CORBA/AbstractBaseImpl.h" />
		<Unit filename="../orb/Include/CORBA/AbstractBasePOA.h" />
		<Unit filename="../orb/Include/CORBA/AbstractBase_s.h" />
		<Unit filename="../orb/Include/CORBA/Any.h" />
		<Unit filename="../orb/Include/CORBA/Bridge.h" />
		<Unit filename="../orb/Include/CORBA/CORBA.h" />
		<Unit filename="../orb/Include/CORBA/CORBA_Stream.h" />
		<Unit filename="../orb/Include/CORBA/CORBA_Stream.idl" />
		<Unit filename="../orb/Include/CORBA/CORBA_Stream_s.h" />
		<Unit filename="../orb/Include/CORBA/Client.h" />
		<Unit filename="../orb/Include/CORBA/Context.h" />
		<Unit filename="../orb/Include/CORBA/Context.idl" />
		<Unit filename="../orb/Include/CORBA/Context_s.h" />
		<Unit filename="../orb/Include/CORBA/CosEventChannelAdmin.h" />
		<Unit filename="../orb/Include/CORBA/CosEventChannelAdmin.idl" />
		<Unit filename="../orb/Include/CORBA/CosEventChannelAdmin_s.h" />
		<Unit filename="../orb/Include/CORBA/CosEventComm.h" />
		<Unit filename="../orb/Include/CORBA/CosEventComm.idl" />
		<Unit filename="../orb/Include/CORBA/CosEventComm_s.h" />
		<Unit filename="../orb/Include/CORBA/CosLwLogAdministrator.h" />
		<Unit filename="../orb/Include/CORBA/CosLwLogAdministrator.idl" />
		<Unit filename="../orb/Include/CORBA/CosLwLogAdministrator_s.h" />
		<Unit filename="../orb/Include/CORBA/CosLwLogConsumer.h" />
		<Unit filename="../orb/Include/CORBA/CosLwLogConsumer.idl" />
		<Unit filename="../orb/Include/CORBA/CosLwLogConsumer_s.h" />
		<Unit filename="../orb/Include/CORBA/CosLwLogProducer.h" />
		<Unit filename="../orb/Include/CORBA/CosLwLogProducer.idl" />
		<Unit filename="../orb/Include/CORBA/CosLwLogProducer_s.h" />
		<Unit filename="../orb/Include/CORBA/CosLwLogService.h" />
		<Unit filename="../orb/Include/CORBA/CosLwLogService.idl" />
		<Unit filename="../orb/Include/CORBA/CosLwLogService_s.h" />
		<Unit filename="../orb/Include/CORBA/CosLwLogStatus.h" />
		<Unit filename="../orb/Include/CORBA/CosLwLogStatus.idl" />
		<Unit filename="../orb/Include/CORBA/CosLwLogStatus_s.h" />
		<Unit filename="../orb/Include/CORBA/CosNaming.h" />
		<Unit filename="../orb/Include/CORBA/CosNaming.idl" />
		<Unit filename="../orb/Include/CORBA/CosNaming_s.h" />
		<Unit filename="../orb/Include/CORBA/CosTime.h" />
		<Unit filename="../orb/Include/CORBA/CosTime.idl" />
		<Unit filename="../orb/Include/CORBA/CosTime_s.h" />
		<Unit filename="../orb/Include/CORBA/CosTimerEvent.h" />
		<Unit filename="../orb/Include/CORBA/CosTimerEvent.idl" />
		<Unit filename="../orb/Include/CORBA/CosTimerEvent_s.h" />
		<Unit filename="../orb/Include/CORBA/CosTypedEventChannelAdmin.h" />
		<Unit filename="../orb/Include/CORBA/CosTypedEventChannelAdmin.idl" />
		<Unit filename="../orb/Include/CORBA/CosTypedEventChannelAdmin_s.h" />
		<Unit filename="../orb/Include/CORBA/CosTypedEventComm.h" />
		<Unit filename="../orb/Include/CORBA/CosTypedEventComm.idl" />
		<Unit filename="../orb/Include/CORBA/CosTypedEventComm_s.h" />
		<Unit filename="../orb/Include/CORBA/Current.h" />
		<Unit filename="../orb/Include/CORBA/Current.idl" />
		<Unit filename="../orb/Include/CORBA/Current_s.h" />
		<Unit filename="../orb/Include/CORBA/DomainManager.h" />
		<Unit filename="../orb/Include/CORBA/DomainManager.idl" />
		<Unit filename="../orb/Include/CORBA/DomainManager_s.h" />
		<Unit filename="../orb/Include/CORBA/Dynamic.h" />
		<Unit filename="../orb/Include/CORBA/Dynamic.idl" />
		<Unit filename="../orb/Include/CORBA/DynamicExport.h" />
		<Unit filename="../orb/Include/CORBA/DynamicServant.h" />
		<Unit filename="../orb/Include/CORBA/DynamicServant.idl" />
		<Unit filename="../orb/Include/CORBA/DynamicServantImpl.h" />
		<Unit filename="../orb/Include/CORBA/DynamicServant_s.h" />
		<Unit filename="../orb/Include/CORBA/Dynamic_s.h" />
		<Unit filename="../orb/Include/CORBA/Environment.h" />
		<Unit filename="../orb/Include/CORBA/EnvironmentEx.h" />
		<Unit filename="../orb/Include/CORBA/EnvironmentImpl.h" />
		<Unit filename="../orb/Include/CORBA/Environment_c.h" />
		<Unit filename="../orb/Include/CORBA/Environment_s.h" />
		<Unit filename="../orb/Include/CORBA/Exception.h" />
		<Unit filename="../orb/Include/CORBA/ExceptionHolder.h" />
		<Unit filename="../orb/Include/CORBA/ExceptionList.h" />
		<Unit filename="../orb/Include/CORBA/ExceptionSet.h" />
		<Unit filename="../orb/Include/CORBA/FT.h" />
		<Unit filename="../orb/Include/CORBA/FT.idl" />
		<Unit filename="../orb/Include/CORBA/FT_s.h" />
		<Unit filename="../orb/Include/CORBA/FindInterface.h" />
		<Unit filename="../orb/Include/CORBA/Fixed.h" />
		<Unit filename="../orb/Include/CORBA/IOP.h" />
		<Unit filename="../orb/Include/CORBA/IOP.idl" />
		<Unit filename="../orb/Include/CORBA/IOP_s.h" />
		<Unit filename="../orb/Include/CORBA/IORequest.h" />
		<Unit filename="../orb/Include/CORBA/IORequest.idl">
			<Option compiler="clang" use="1" buildCommand="nidl2cpp $file -no_ami -no_proxy -no_client_cpp" />
		</Unit>
		<Unit filename="../orb/Include/CORBA/IORequestClient.h" />
		<Unit filename="../orb/Include/CORBA/IORequest_s.h" />
		<Unit filename="../orb/Include/CORBA/I_ptr.h" />
		<Unit filename="../orb/Include/CORBA/I_ref.h" />
		<Unit filename="../orb/Include/CORBA/I_var.h" />
		<Unit filename="../orb/Include/CORBA/Implementation.h" />
		<Unit filename="../orb/Include/CORBA/ImplementationLocal.h" />
		<Unit filename="../orb/Include/CORBA/ImplementationLocalStatic.h" />
		<Unit filename="../orb/Include/CORBA/ImplementationPseudo.h" />
		<Unit filename="../orb/Include/CORBA/ImplementationPseudoStatic.h" />
		<Unit filename="../orb/Include/CORBA/ImplementationStatic.h" />
		<Unit filename="../orb/Include/CORBA/ImplementationTied.h" />
		<Unit filename="../orb/Include/CORBA/Interface.h" />
		<Unit filename="../orb/Include/CORBA/InterfaceRepository.h" />
		<Unit filename="../orb/Include/CORBA/InterfaceRepository.idl" />
		<Unit filename="../orb/Include/CORBA/InterfaceRepository_s.h" />
		<Unit filename="../orb/Include/CORBA/LifeCycleDynamic.h" />
		<Unit filename="../orb/Include/CORBA/LifeCycleNoCopy.h" />
		<Unit filename="../orb/Include/CORBA/LifeCycleNone.h" />
		<Unit filename="../orb/Include/CORBA/LifeCycleRefCnt.h" />
		<Unit filename="../orb/Include/CORBA/LifeCycleStatic.h" />
		<Unit filename="../orb/Include/CORBA/LocalObject.h" />
		<Unit filename="../orb/Include/CORBA/LocalObjectImpl.h" />
		<Unit filename="../orb/Include/CORBA/LocalObjectLink.h" />
		<Unit filename="../orb/Include/CORBA/LocalObjectPOA.h" />
		<Unit filename="../orb/Include/CORBA/LocalObjectStatic.h" />
		<Unit filename="../orb/Include/CORBA/LocalObject_s.h" />
		<Unit filename="../orb/Include/CORBA/MarshalHelper.h" />
		<Unit filename="../orb/Include/CORBA/Messaging.h" />
		<Unit filename="../orb/Include/CORBA/Messaging.idl" />
		<Unit filename="../orb/Include/CORBA/Messaging_s.h" />
		<Unit filename="../orb/Include/CORBA/NVList.h" />
		<Unit filename="../orb/Include/CORBA/NVList.idl" />
		<Unit filename="../orb/Include/CORBA/NVList_s.h" />
		<Unit filename="../orb/Include/CORBA/NirvanaDGC.h" />
		<Unit filename="../orb/Include/CORBA/NirvanaDGC.idl" />
		<Unit filename="../orb/Include/CORBA/NirvanaDGC_s.h" />
		<Unit filename="../orb/Include/CORBA/NoDefaultPOA.h" />
		<Unit filename="../orb/Include/CORBA/ORB.h" />
		<Unit filename="../orb/Include/CORBA/ORB.idl" />
		<Unit filename="../orb/Include/CORBA/ORB_s.h" />
		<Unit filename="../orb/Include/CORBA/Object.h" />
		<Unit filename="../orb/Include/CORBA/ObjectFactory.h" />
		<Unit filename="../orb/Include/CORBA/ObjectFactory.idl" />
		<Unit filename="../orb/Include/CORBA/ObjectFactoryInc.h" />
		<Unit filename="../orb/Include/CORBA/ObjectFactory_s.h" />
		<Unit filename="../orb/Include/CORBA/Object_c.h" />
		<Unit filename="../orb/Include/CORBA/Object_s.h" />
		<Unit filename="../orb/Include/CORBA/Policy.h" />
		<Unit filename="../orb/Include/CORBA/Policy.idl" />
		<Unit filename="../orb/Include/CORBA/Policy_s.h" />
		<Unit filename="../orb/Include/CORBA/Pollable.h" />
		<Unit filename="../orb/Include/CORBA/Pollable.idl" />
		<Unit filename="../orb/Include/CORBA/Pollable_s.h" />
		<Unit filename="../orb/Include/CORBA/PortableServer.h" />
		<Unit filename="../orb/Include/CORBA/PortableServer.idl" />
		<Unit filename="../orb/Include/CORBA/PortableServer_s.h" />
		<Unit filename="../orb/Include/CORBA/Proxy/IOReference.idl" />
		<Unit filename="../orb/Include/CORBA/Proxy/InterfaceMetadata.h" />
		<Unit filename="../orb/Include/CORBA/Proxy/OperationIndex.h" />
		<Unit filename="../orb/Include/CORBA/Proxy/PollerBase.h" />
		<Unit filename="../orb/Include/CORBA/Proxy/Proxy.h" />
		<Unit filename="../orb/Include/CORBA/Proxy/ProxyBase.h" />
		<Unit filename="../orb/Include/CORBA/Proxy/ProxyBaseInterface.h" />
		<Unit filename="../orb/Include/CORBA/Proxy/ProxyFactory.idl" />
		<Unit filename="../orb/Include/CORBA/Proxy/ProxyHolder.h" />
		<Unit filename="../orb/Include/CORBA/Proxy/RqProcWrapper.h" />
		<Unit filename="../orb/Include/CORBA/Proxy/TypeCodeEnum.h" />
		<Unit filename="../orb/Include/CORBA/Proxy/TypeCodeException.h" />
		<Unit filename="../orb/Include/CORBA/Proxy/TypeCodeInterface.h" />
		<Unit filename="../orb/Include/CORBA/Proxy/TypeCodeMembers.h" />
		<Unit filename="../orb/Include/CORBA/Proxy/TypeCodeNative.h" />
		<Unit filename="../orb/Include/CORBA/Proxy/TypeCodeStruct.h" />
		<Unit filename="../orb/Include/CORBA/Proxy/TypeCodeUnion.h" />
		<Unit filename="../orb/Include/CORBA/Proxy/TypeCodeValue.h" />
		<Unit filename="../orb/Include/CORBA/Proxy/TypeCodeValueBox.h" />
		<Unit filename="../orb/Include/CORBA/Proxy/ValueFactoryImpl.h" />
		<Unit filename="../orb/Include/CORBA/PseudoBase.h" />
		<Unit filename="../orb/Include/CORBA/PseudoBase_s.h" />
		<Unit filename="../orb/Include/CORBA/RefCnt.h" />
		<Unit filename="../orb/Include/CORBA/RefCnt.idl" />
		<Unit filename="../orb/Include/CORBA/RefCnt_s.h" />
		<Unit filename="../orb/Include/CORBA/RefCountBase.h" />
		<Unit filename="../orb/Include/CORBA/RefCountLink.h" />
		<Unit filename="../orb/Include/CORBA/RepId.h" />
		<Unit filename="../orb/Include/CORBA/Request.h" />
		<Unit filename="../orb/Include/CORBA/Request.idl" />
		<Unit filename="../orb/Include/CORBA/Request_s.h" />
		<Unit filename="../orb/Include/CORBA/Sequence.h" />
		<Unit filename="../orb/Include/CORBA/Sequence.inl" />
		<Unit filename="../orb/Include/CORBA/ServantBase.h" />
		<Unit filename="../orb/Include/CORBA/ServantBaseImpl.h" />
		<Unit filename="../orb/Include/CORBA/ServantBaseLink.h" />
		<Unit filename="../orb/Include/CORBA/ServantBasePOA.h" />
		<Unit filename="../orb/Include/CORBA/ServantBaseStatic.h" />
		<Unit filename="../orb/Include/CORBA/ServantBase_s.h" />
		<Unit filename="../orb/Include/CORBA/ServantImpl.h" />
		<Unit filename="../orb/Include/CORBA/ServantLocator_native.h" />
		<Unit filename="../orb/Include/CORBA/ServantMemory.h" />
		<Unit filename="../orb/Include/CORBA/ServantPOA.h" />
		<Unit filename="../orb/Include/CORBA/ServantStatic.h" />
		<Unit filename="../orb/Include/CORBA/Servant_var.h" />
		<Unit filename="../orb/Include/CORBA/Server.h" />
		<Unit filename="../orb/Include/CORBA/SoftFloat.h" />
		<Unit filename="../orb/Include/CORBA/String.h" />
		<Unit filename="../orb/Include/CORBA/String.inl" />
		<Unit filename="../orb/Include/CORBA/StringView.h" />
		<Unit filename="../orb/Include/CORBA/String_compat.h" />
		<Unit filename="../orb/Include/CORBA/SystemException.h" />
		<Unit filename="../orb/Include/CORBA/TCKind.h" />
		<Unit filename="../orb/Include/CORBA/TCKind.idl" />
		<Unit filename="../orb/Include/CORBA/TCKind_s.h" />
		<Unit filename="../orb/Include/CORBA/T_var.h" />
		<Unit filename="../orb/Include/CORBA/TimeBase.h" />
		<Unit filename="../orb/Include/CORBA/TimeBase.idl" />
		<Unit filename="../orb/Include/CORBA/TimeBase_s.h" />
		<Unit filename="../orb/Include/CORBA/Type.h" />
		<Unit filename="../orb/Include/CORBA/TypeAlias.h" />
		<Unit filename="../orb/Include/CORBA/TypeBase.h" />
		<Unit filename="../orb/Include/CORBA/TypeByRef.h" />
		<Unit filename="../orb/Include/CORBA/TypeByVal.h" />
		<Unit filename="../orb/Include/CORBA/TypeCode.h" />
		<Unit filename="../orb/Include/CORBA/TypeCode.idl" />
		<Unit filename="../orb/Include/CORBA/TypeCodeArray.h" />
		<Unit filename="../orb/Include/CORBA/TypeCodeFixed.h" />
		<Unit filename="../orb/Include/CORBA/TypeCodeImpl.h" />
		<Unit filename="../orb/Include/CORBA/TypeCodeOps.h" />
		<Unit filename="../orb/Include/CORBA/TypeCodeSequence.h" />
		<Unit filename="../orb/Include/CORBA/TypeCodeString.h" />
		<Unit filename="../orb/Include/CORBA/TypeCodeTypeDef.h" />
		<Unit filename="../orb/Include/CORBA/TypeCode_s.h" />
		<Unit filename="../orb/Include/CORBA/TypeEnum.h" />
		<Unit filename="../orb/Include/CORBA/TypeEnum.inl" />
		<Unit filename="../orb/Include/CORBA/TypeFixLen.h" />
		<Unit filename="../orb/Include/CORBA/TypeFixLen.inl" />
		<Unit filename="../orb/Include/CORBA/TypeObject.h" />
		<Unit filename="../orb/Include/CORBA/TypeObject.inl" />
		<Unit filename="../orb/Include/CORBA/TypePrimitive.h" />
		<Unit filename="../orb/Include/CORBA/TypePrimitive.inl" />
		<Unit filename="../orb/Include/CORBA/TypeVarLen.h" />
		<Unit filename="../orb/Include/CORBA/TypeVarLen.inl" />
		<Unit filename="../orb/Include/CORBA/Type_array.h" />
		<Unit filename="../orb/Include/CORBA/Type_fixed.h" />
		<Unit filename="../orb/Include/CORBA/Type_fixed.inl" />
		<Unit filename="../orb/Include/CORBA/Type_forward.h" />
		<Unit filename="../orb/Include/CORBA/Type_interface.h" />
		<Unit filename="../orb/Include/CORBA/Type_interface.inl" />
		<Unit filename="../orb/Include/CORBA/Union.h" />
		<Unit filename="../orb/Include/CORBA/UnknownUserException.h" />
		<Unit filename="../orb/Include/CORBA/UserException.h" />
		<Unit filename="../orb/Include/CORBA/ValueBase.h" />
		<Unit filename="../orb/Include/CORBA/ValueBase.inl" />
		<Unit filename="../orb/Include/CORBA/ValueBaseImpl.h" />
		<Unit filename="../orb/Include/CORBA/ValueBasePOA.h" />
		<Unit filename="../orb/Include/CORBA/ValueBase_s.h" />
		<Unit filename="../orb/Include/CORBA/ValueBox.h" />
		<Unit filename="../orb/Include/CORBA/ValueCreator.h" />
		<Unit filename="../orb/Include/CORBA/ValueFactoryBase.h" />
		<Unit filename="../orb/Include/CORBA/ValueFactoryBase_s.h" />
		<Unit filename="../orb/Include/CORBA/ValueImpl.h" />
		<Unit filename="../orb/Include/CORBA/ValueMemory.h" />
		<Unit filename="../orb/Include/CORBA/basic_types.h" />
		<Unit filename="../orb/Include/CORBA/core_objects.h" />
		<Unit filename="../orb/Include/CORBA/exceptions.h" />
		<Unit filename="../orb/Include/CORBA/float_types.h" />
		<Unit filename="../orb/Include/CORBA/local_core.h" />
		<Unit filename="../orb/Include/CORBA/make_pseudo.h" />
		<Unit filename="../orb/Include/CORBA/make_stateless.h" />
		<Unit filename="../orb/Include/CORBA/meson.build" />
		<Unit filename="../orb/Include/CORBA/primitive_types.h" />
		<Unit filename="../orb/Include/CORBA/servant_core.h" />
		<Unit filename="../orb/Include/CORBA/servant_reference.h" />
		<Unit filename="../orb/Include/CORBA/set_exception.h" />
		<Unit filename="../orb/Include/CORBA/system_exceptions.h" />
		<Unit filename="../orb/Include/CORBA/tc_constants.h" />
		<Unit filename="../orb/Source/AMI.cpp" />
		<Unit filename="../orb/Source/Any.cpp" />
		<Unit filename="../orb/Source/CORBA_Stream.cpp" />
		<Unit filename="../orb/Source/CosEventChannelAdmin.cpp" />
		<Unit filename="../orb/Source/CosEventComm.cpp" />
		<Unit filename="../orb/Source/CosLwLogAdministrator.cpp" />
		<Unit filename="../orb/Source/CosLwLogConsumer.cpp" />
		<Unit filename="../orb/Source/CosLwLogProducer.cpp" />
		<Unit filename="../orb/Source/CosLwLogService.cpp" />
		<Unit filename="../orb/Source/CosLwLogStatus.cpp" />
		<Unit filename="../orb/Source/CosNaming.cpp" />
		<Unit filename="../orb/Source/CosTime.cpp" />
		<Unit filename="../orb/Source/CosTimerEvent.cpp" />
		<Unit filename="../orb/Source/CosTypedEventChannelAdmin.cpp" />
		<Unit filename="../orb/Source/CosTypedEventComm.cpp" />
		<Unit filename="../orb/Source/Current.cpp" />
		<Unit filename="../orb/Source/DomainManager.cpp" />
		<Unit filename="../orb/Source/Dynamic.cpp" />
		<Unit filename="../orb/Source/EnvironmentImpl.cpp" />
		<Unit filename="../orb/Source/Exception.cpp" />
		<Unit filename="../orb/Source/ExceptionHolder.cpp" />
		<Unit filename="../orb/Source/FT.cpp" />
		<Unit filename="../orb/Source/FindInterface.cpp" />
		<Unit filename="../orb/Source/IOP.cpp" />
		<Unit filename="../orb/Source/Interface.cpp" />
		<Unit filename="../orb/Source/InterfaceRepository.cpp" />
		<Unit filename="../orb/Source/LifeCycleNone.cpp" />
		<Unit filename="../orb/Source/LocalObjectLink.cpp" />
		<Unit filename="../orb/Source/LocalObjectPOA.cpp" />
		<Unit filename="../orb/Source/Messaging.cpp" />
		<Unit filename="../orb/Source/NVList.cpp" />
		<Unit filename="../orb/Source/NirvanaDGC.cpp" />
		<Unit filename="../orb/Source/NoDefaultPOA.cpp" />
		<Unit filename="../orb/Source/ORB.cpp" />
		<Unit filename="../orb/Source/Policy.cpp" />
		<Unit filename="../orb/Source/Pollable.cpp" />
		<Unit filename="../orb/Source/PollerBase.cpp" />
		<Unit filename="../orb/Source/PortableServer.cpp" />
		<Unit filename="../orb/Source/ProxyBase.cpp" />
		<Unit filename="../orb/Source/RefCountLink.cpp" />
		<Unit filename="../orb/Source/RepId.cpp" />
		<Unit filename="../orb/Source/RqProcWrapper.cpp" />
		<Unit filename="../orb/Source/ServantBaseLink.cpp" />
		<Unit filename="../orb/Source/ServantBasePOA.cpp" />
		<Unit filename="../orb/Source/ServantImpl.cpp" />
		<Unit filename="../orb/Source/ServantLocator_native.cpp" />
		<Unit filename="../orb/Source/ServantStatic.cpp" />
		<Unit filename="../orb/Source/String_compat.cpp" />
		<Unit filename="../orb/Source/SystemException.cpp" />
		<Unit filename="../orb/Source/TCKind.cpp" />
		<Unit filename="../orb/Source/TimeBase.cpp" />
		<Unit filename="../orb/Source/TypeCode.cpp" />
		<Unit filename="../orb/Source/TypeCodeImpl.cpp" />
		<Unit filename="../orb/Source/Type_fixed.cpp" />
		<Unit filename="../orb/Source/UnknownUserException.cpp" />
		<Unit filename="../orb/Source/ValueImpl.cpp" />
		<Unit filename="../orb/Source/local_core.cpp" />
		<Unit filename="../orb/Source/pch.cpp" />
		<Unit filename="../orb/Source/pch.h" />
		<Unit filename="../orb/Source/servant_core.cpp" />
		<Unit filename="../orb/Source/set_exception.cpp" />
		<Extensions>
			<lib_finder disable_auto="1" />
		</Extensions>
	</Project>
</CodeBlocks_project_file>
